{
  "name": "backend-project",
  "lockfileVersion": 2,
  "requires": true,
  "packages": {
    "": {
      "dependencies": {
        "prefix": "^1.0.0"
      }
    },
    "node_modules/prefix": {
      "version": "1.0.0",
      "resolved": "https://registry.npmjs.org/prefix/-/prefix-1.0.0.tgz",
      "integrity": "sha512-KtGt8TV4nQkYgO6wJ5phkBGAECZW5cs5vQhqnz1LlxGGd8y4LwpW3Bq5pofULjdiMXACDCxisDUhwtFXb7vHfQ=="
    }
  },
  "dependencies": {
    "prefix": {
      "version": "1.0.0",
      "resolved": "https://registry.npmjs.org/prefix/-/prefix-1.0.0.tgz",
      "integrity": "sha512-KtGt8TV4nQkYgO6wJ5phkBGAECZW5cs5vQhqnz1LlxGGd8y4LwpW3Bq5pofULjdiMXACDCxisDUhwtFXb7vHfQ=="
    }
  }
}
